<?xml version="1.0" encoding="utf-8"?>
<Project ToolsVersion="4.0" xmlns="http://schemas.microsoft.com/developer/msbuild/2003">
  <ItemGroup>
    <ClCompile Include="src\camera.cpp" />
    <ClCompile Include="src\fire.cpp" />
    <ClCompile Include="src\light.cpp" />
    <ClCompile Include="src\main.cpp" />
    <ClCompile Include="src\shader.cpp" />
    <ClCompile Include="src\singlemesh.cpp" />
    <ClCompile Include="src\skybox.cpp" />
  </ItemGroup>
  <ItemGroup>
    <ClInclude Include="src\camera.h" />
    <ClInclude Include="src\fire.h" />
    <ClInclude Include="src\chair.h" />
    <ClInclude Include="src\light.h" />
    <ClInclude Include="src\object.h" />
    <ClInclude Include="src\parameters.h" />
    <ClInclude Include="src\shader.h" />
    <ClInclude Include="src\singlemesh.h" />
    <ClInclude Include="src\skybox.h" />
  </ItemGroup>
  <ItemGroup>
    <None Include="Shaders\commonFragmentShader.frag" />
    <None Include="Shaders\commonVertexShader.vert" />
    <None Include="Shaders\skyboxFragmentShader.frag" />
    <None Include="Shaders\skyboxVertexShader.vert" />
    <None Include="Shaders\fireFragmentShader.frag" />
    <None Include="Shaders\fireVertexShader.vert" />
  </ItemGroup>
</Project>